version = 1
revision = 3
requires-python = ">=3.14"

[[package]]
name = "colorama"
version = "0.4.6"
source = { registry = "https://pypi.org/simple" }
sdist = { url = "https://files.pythonhosted.org/packages/d8/53/6f443c9a4a8358a93a6792e2acffb9d9d5cb0a5cfd8802644b7b1c9a02e4/colorama-0.4.6.tar.gz", hash = "sha256:08695f5cb7ed6e0531a20572697297273c47b8cae5a63ffc6d6ed5c201be6e44", size = 27697, upload-time = "2022-10-25T02:36:22.414Z" }
wheels = [
    { url = "https://files.pythonhosted.org/packages/d1/d6/3965ed04c63042e047cb6a3e6ed1a63a35087b6a609aa3a15ed8ac56c221/colorama-0.4.6-py2.py3-none-any.whl", hash = "sha256:4f1d9991f5acc0ca119f9d443620b77f9d6b33703e51011c16baf57afb285fc6", size = 25335, upload-time = "2022-10-25T02:36:20.889Z" },
]

[[package]]
name = "cuda-bindings"
version = "13.2.0"
source = { registry = "https://pypi.org/simple" }
dependencies = [
    { name = "cuda-pathfinder" },
]
wheels = [
    { url = "https://files.pythonhosted.org/packages/c0/87/87a014f045b77c6de5c8527b0757fe644417b184e5367db977236a141602/cuda_bindings-13.2.0-cp314-cp314-manylinux_2_24_aarch64.manylinux_2_28_aarch64.whl", hash = "sha256:a6464b30f46692d6c7f65d4a0e0450d81dd29de3afc1bb515653973d01c2cd6e", size = 5685673, upload-time = "2026-03-11T00:12:56.371Z" },
    { url = "https://files.pythonhosted.org/packages/ee/5e/c0fe77a73aaefd3fff25ffaccaac69c5a63eafdf8b9a4c476626ef0ac703/cuda_bindings-13.2.0-cp314-cp314-manylinux_2_24_x86_64.manylinux_2_28_x86_64.whl", hash = "sha256:f4af9f3e1be603fa12d5ad6cfca7844c9d230befa9792b5abdf7dd79979c3626", size = 6191386, upload-time = "2026-03-11T00:12:58.965Z" },
    { url = "https://files.pythonhosted.org/packages/e3/73/98bcb069778fe420226db75aff54b5dd6c3ecfd0912edabab723326e80b7/cuda_bindings-13.2.0-cp314-cp314-win_amd64.whl", hash = "sha256:bd658bb5c0e55b7b3e5dd0ed509c6addb298c665db26a9bfba35e1e626000ba2", size = 5938605, upload-time = "2026-03-11T00:13:01.639Z" },
    { url = "https://files.pythonhosted.org/packages/5f/58/ed2c3b39c8dd5f96aa7a4abef0d47a73932c7a988e30f5fa428f00ed0da1/cuda_bindings-13.2.0-cp314-cp314t-manylinux_2_24_aarch64.manylinux_2_28_aarch64.whl", hash = "sha256:df850a1ff8ce1b3385257b08e47b70e959932f5f432d0a4e46a355962b4e4771", size = 5507469, upload-time = "2026-03-11T00:13:04.063Z" },
    { url = "https://files.pythonhosted.org/packages/1f/01/0c941b112ceeb21439b05895eace78ca1aa2eaaf695c8521a068fd9b4c00/cuda_bindings-13.2.0-cp314-cp314t-manylinux_2_24_x86_64.manylinux_2_28_x86_64.whl", hash = "sha256:e8a16384c6494e5485f39314b0b4afb04bee48d49edb16d5d8593fd35bbd231b", size = 6059693, upload-time = "2026-03-11T00:13:06.003Z" },
    { url = "https://files.pythonhosted.org/packages/52/49/4e01cc06447d39476e138d1b1adec8d35c0d04eccd2c8d69befc08cd66e8/cuda_bindings-13.2.0-cp314-cp314t-win_amd64.whl", hash = "sha256:6ccf14e0c1def3b7200100aafff3a9f7e210ecb6e409329e92dcf6cd2c00d5c7", size = 6662637, upload-time = "2026-03-11T00:13:07.881Z" },
]

[[package]]
name = "cuda-pathfinder"
version = "1.4.2"
source = { registry = "https://pypi.org/simple" }
wheels = [
    { url = "https://files.pythonhosted.org/packages/92/de/8ca2b613042550dcf9ef50c596c8b1f602afda92cf9032ac28a73f6ee410/cuda_pathfinder-1.4.2-py3-none-any.whl", hash = "sha256:eb354abc20278f8609dc5b666a24648655bef5613c6dfe78a238a6fd95566754", size = 44779, upload-time = "2026-03-10T21:57:30.974Z" },
]

[[package]]
name = "cuda-python"
version = "13.2.0"
source = { registry = "https://pypi.org/simple" }
dependencies = [
    { name = "cuda-bindings" },
    { name = "cuda-pathfinder" },
]
wheels = [
    { url = "https://files.pythonhosted.org/packages/4a/da/b4dbe129f941afe1c24a09ba53521b78875626763d96414798a74763282f/cuda_python-13.2.0-py3-none-any.whl", hash = "sha256:2f092b0ec13a860115fa595411889ee939ad203450ea4f91e9461b174ea7b084", size = 8145, upload-time = "2026-03-11T13:55:19.143Z" },
]

[[package]]
name = "iniconfig"
version = "2.3.0"
source = { registry = "https://pypi.org/simple" }
sdist = { url = "https://files.pythonhosted.org/packages/72/34/14ca021ce8e5dfedc35312d08ba8bf51fdd999c576889fc2c24cb97f4f10/iniconfig-2.3.0.tar.gz", hash = "sha256:c76315c77db068650d49c5b56314774a7804df16fee4402c1f19d6d15d8c4730", size = 20503, upload-time = "2025-10-18T21:55:43.219Z" }
wheels = [
    { url = "https://files.pythonhosted.org/packages/cb/b1/3846dd7f199d53cb17f49cba7e651e9ce294d8497c8c150530ed11865bb8/iniconfig-2.3.0-py3-none-any.whl", hash = "sha256:f631c04d2c48c52b84d0d0549c99ff3859c98df65b3101406327ecc7d53fbf12", size = 7484, upload-time = "2025-10-18T21:55:41.639Z" },
]

[[package]]
name = "mytorch"
version = "0.1.0"
source = { virtual = "." }
dependencies = [
    { name = "cuda-python" },
    { name = "pip" },
    { name = "pybind11" },
    { name = "pytest" },
]

[package.metadata]
requires-dist = [
    { name = "cuda-python", specifier = ">=13.1.1" },
    { name = "pip", specifier = ">=26.0.1" },
    { name = "pybind11", specifier = ">=3.0.2" },
    { name = "pytest", specifier = ">=9.0.2" },
]

[[package]]
name = "packaging"
version = "26.0"
source = { registry = "https://pypi.org/simple" }
sdist = { url = "https://files.pythonhosted.org/packages/65/ee/299d360cdc32edc7d2cf530f3accf79c4fca01e96ffc950d8a52213bd8e4/packaging-26.0.tar.gz", hash = "sha256:00243ae351a257117b6a241061796684b084ed1c516a08c48a3f7e147a9d80b4", size = 143416, upload-time = "2026-01-21T20:50:39.064Z" }
wheels = [
    { url = "https://files.pythonhosted.org/packages/b7/b9/c538f279a4e237a006a2c98387d081e9eb060d203d8ed34467cc0f0b9b53/packaging-26.0-py3-none-any.whl", hash = "sha256:b36f1fef9334a5588b4166f8bcd26a14e521f2b55e6b9de3aaa80d3ff7a37529", size = 74366, upload-time = "2026-01-21T20:50:37.788Z" },
]

[[package]]
name = "pip"
version = "26.0.1"
source = { registry = "https://pypi.org/simple" }
sdist = { url = "https://files.pythonhosted.org/packages/48/83/0d7d4e9efe3344b8e2fe25d93be44f64b65364d3c8d7bc6dc90198d5422e/pip-26.0.1.tar.gz", hash = "sha256:c4037d8a277c89b320abe636d59f91e6d0922d08a05b60e85e53b296613346d8", size = 1812747, upload-time = "2026-02-05T02:20:18.702Z" }
wheels = [
    { url = "https://files.pythonhosted.org/packages/de/f0/c81e05b613866b76d2d1066490adf1a3dbc4ee9d9c839961c3fc8a6997af/pip-26.0.1-py3-none-any.whl", hash = "sha256:bdb1b08f4274833d62c1aa29e20907365a2ceb950410df15fc9521bad440122b", size = 1787723, upload-time = "2026-02-05T02:20:16.416Z" },
]

[[package]]
name = "pluggy"
version = "1.6.0"
source = { registry = "https://pypi.org/simple" }
sdist = { url = "https://files.pythonhosted.org/packages/f9/e2/3e91f31a7d2b083fe6ef3fa267035b518369d9511ffab804f839851d2779/pluggy-1.6.0.tar.gz", hash = "sha256:7dcc130b76258d33b90f61b658791dede3486c3e6bfb003ee5c9bfb396dd22f3", size = 69412, upload-time = "2025-05-15T12:30:07.975Z" }
wheels = [
    { url = "https://files.pythonhosted.org/packages/54/20/4d324d65cc6d9205fabedc306948156824eb9f0ee1633355a8f7ec5c66bf/pluggy-1.6.0-py3-none-any.whl", hash = "sha256:e920276dd6813095e9377c0bc5566d94c932c33b27a3e3945d8389c374dd4746", size = 20538, upload-time = "2025-05-15T12:30:06.134Z" },
]

[[package]]
name = "pybind11"
version = "3.0.2"
source = { registry = "https://pypi.org/simple" }
sdist = { url = "https://files.pythonhosted.org/packages/a5/98/9118a0659646f1628c592ef9bb48e0056efa6bf27c951fd12a178e0136fb/pybind11-3.0.2.tar.gz", hash = "sha256:432f01aeb68e361a3a7fc7575c2c7f497595bf640f747acd909ff238dd766e06", size = 577131, upload-time = "2026-02-17T04:46:52.556Z" }
wheels = [
    { url = "https://files.pythonhosted.org/packages/88/c5/e98d9c51f3d5300d5e40ad9037dd6b3b60736fd02ab68dcc98c96be7592d/pybind11-3.0.2-py3-none-any.whl", hash = "sha256:f8a6500548919cc33bcd220d5f984688326f574fa97f1107f2f4fdb4c6fb019f", size = 310158, upload-time = "2026-02-17T04:46:49.91Z" },
]

[[package]]
name = "pygments"
version = "2.19.2"
source = { registry = "https://pypi.org/simple" }
sdist = { url = "https://files.pythonhosted.org/packages/b0/77/a5b8c569bf593b0140bde72ea885a803b82086995367bf2037de0159d924/pygments-2.19.2.tar.gz", hash = "sha256:636cb2477cec7f8952536970bc533bc43743542f70392ae026374600add5b887", size = 4968631, upload-time = "2025-06-21T13:39:12.283Z" }
wheels = [
    { url = "https://files.pythonhosted.org/packages/c7/21/705964c7812476f378728bdf590ca4b771ec72385c533964653c68e86bdc/pygments-2.19.2-py3-none-any.whl", hash = "sha256:86540386c03d588bb81d44bc3928634ff26449851e99741617ecb9037ee5ec0b", size = 1225217, upload-time = "2025-06-21T13:39:07.939Z" },
]

[[package]]
name = "pytest"
version = "9.0.2"
source = { registry = "https://pypi.org/simple" }
dependencies = [
    { name = "colorama", marker = "sys_platform == 'win32'" },
    { name = "iniconfig" },
    { name = "packaging" },
    { name = "pluggy" },
    { name = "pygments" },
]
sdist = { url = "https://files.pythonhosted.org/packages/d1/db/7ef3487e0fb0049ddb5ce41d3a49c235bf9ad299b6a25d5780a89f19230f/pytest-9.0.2.tar.gz", hash = "sha256:75186651a92bd89611d1d9fc20f0b4345fd827c41ccd5c299a868a05d70edf11", size = 1568901, upload-time = "2025-12-06T21:30:51.014Z" }
wheels = [
    { url = "https://files.pythonhosted.org/packages/3b/ab/b3226f0bd7cdcf710fbede2b3548584366da3b19b5021e74f5bde2a8fa3f/pytest-9.0.2-py3-none-any.whl", hash = "sha256:711ffd45bf766d5264d487b917733b453d917afd2b0ad65223959f59089f875b", size = 374801, upload-time = "2025-12-06T21:30:49.154Z" },
]
