version = 1
revision = 3
requires-python = ">=3.14"

[[package]]
name = "cuda-bindings"
version = "13.1.1"
source = { registry = "https://pypi.org/simple" }
dependencies = [
    { name = "cuda-pathfinder" },
]
wheels = [
    { url = "https://files.pythonhosted.org/packages/de/38/40416d037ed25db68f1dbd50e0232775a62d90c9f25af22b196c0a13b88c/cuda_bindings-13.1.1-cp314-cp314-manylinux_2_24_aarch64.manylinux_2_28_aarch64.whl", hash = "sha256:86258fe1b0d3998bea7f57dc891569e4996705b8dd00366e44c722d0a29b2090", size = 15498927, upload-time = "2025-12-09T22:06:09.476Z" },
    { url = "https://files.pythonhosted.org/packages/ac/3f/f1f88b6cdb7d41ba076f8ff10edf6d3bd17e740da9a163544b43d6349653/cuda_bindings-13.1.1-cp314-cp314-manylinux_2_24_x86_64.manylinux_2_28_x86_64.whl", hash = "sha256:daf8468fd603b2724c2d16cbd499348c64916ed72b1d04643f1660ce13cd12ae", size = 15984539, upload-time = "2025-12-09T22:06:11.882Z" },
    { url = "https://files.pythonhosted.org/packages/f6/33/7739cc5e9a3373df8e7dea9060528bee5f70cf6e28b9c14f765502816c71/cuda_bindings-13.1.1-cp314-cp314-win_amd64.whl", hash = "sha256:f2e079182014dbc162562b46467815272c14c7afe5b988978fa968728b0ac726", size = 15373212, upload-time = "2025-12-09T22:06:13.989Z" },
    { url = "https://files.pythonhosted.org/packages/9e/0a/5c6d514e566ff86c4054bbbb6554bf49b9c55fefbc934eb456faecab53c9/cuda_bindings-13.1.1-cp314-cp314t-manylinux_2_24_aarch64.manylinux_2_28_aarch64.whl", hash = "sha256:d0cd96a6ec00a78235947bff9462b2139bc5b83ce8e297d865802f0b52d1e23d", size = 15403944, upload-time = "2025-12-09T22:06:16.315Z" },
    { url = "https://files.pythonhosted.org/packages/0b/5b/319cfa491a685d4d4757aa24223b6dbc0976954afac42f49fc47290ba6a3/cuda_bindings-13.1.1-cp314-cp314t-manylinux_2_24_x86_64.manylinux_2_28_x86_64.whl", hash = "sha256:9ff465829c6c394c2b4047250324a19925cf8c44633345b2746a4741e07bf827", size = 15911462, upload-time = "2025-12-09T22:06:18.403Z" },
    { url = "https://files.pythonhosted.org/packages/e3/5c/38b92080c5b6c4ddb09f0be2536123f81c7e9e1a89e4573f20cb00347ee3/cuda_bindings-13.1.1-cp314-cp314t-win_amd64.whl", hash = "sha256:8205eee6b8b458a2110c0384923ace206855d0f1b436fc1b145fcbaa1653b501", size = 16044390, upload-time = "2025-12-09T22:06:20.945Z" },
]

[[package]]
name = "cuda-pathfinder"
version = "1.4.0"
source = { registry = "https://pypi.org/simple" }
wheels = [
    { url = "https://files.pythonhosted.org/packages/ff/60/d8f1dbfb7f06b94c662e98c95189e6f39b817da638bc8fcea0d003f89e5d/cuda_pathfinder-1.4.0-py3-none-any.whl", hash = "sha256:437079ca59e7b61ae439ecc501d69ed87b3accc34d58153ef1e54815e2c2e118", size = 38406, upload-time = "2026-02-25T22:13:00.807Z" },
]

[[package]]
name = "cuda-python"
version = "13.1.1"
source = { registry = "https://pypi.org/simple" }
dependencies = [
    { name = "cuda-bindings" },
    { name = "cuda-pathfinder" },
]
wheels = [
    { url = "https://files.pythonhosted.org/packages/cd/08/b5e3b9822662d72d540d830531e3ab6a7cabbda3dd56175696aabccfeb76/cuda_python-13.1.1-py3-none-any.whl", hash = "sha256:944cc4fe6482673d28dd545797a28840945a1668739328fa2ad1e9be4f7050d9", size = 8038, upload-time = "2025-12-09T22:13:10.719Z" },
]

[[package]]
name = "mytorch"
version = "0.1.0"
source = { virtual = "." }
dependencies = [
    { name = "cuda-python" },
    { name = "pybind11" },
]

[package.metadata]
requires-dist = [
    { name = "cuda-python", specifier = ">=13.1.1" },
    { name = "pybind11", specifier = ">=3.0.2" },
]

[[package]]
name = "pybind11"
version = "3.0.2"
source = { registry = "https://pypi.org/simple" }
sdist = { url = "https://files.pythonhosted.org/packages/a5/98/9118a0659646f1628c592ef9bb48e0056efa6bf27c951fd12a178e0136fb/pybind11-3.0.2.tar.gz", hash = "sha256:432f01aeb68e361a3a7fc7575c2c7f497595bf640f747acd909ff238dd766e06", size = 577131, upload-time = "2026-02-17T04:46:52.556Z" }
wheels = [
    { url = "https://files.pythonhosted.org/packages/88/c5/e98d9c51f3d5300d5e40ad9037dd6b3b60736fd02ab68dcc98c96be7592d/pybind11-3.0.2-py3-none-any.whl", hash = "sha256:f8a6500548919cc33bcd220d5f984688326f574fa97f1107f2f4fdb4c6fb019f", size = 310158, upload-time = "2026-02-17T04:46:49.91Z" },
]
